
Microsoft Visual Studio Solution File, Format Version 12.00
# Visual Studio Version 16
VisualStudioVersion = 16.0.30320.27
MinimumVisualStudioVersion = 10.0.40219.1
Project("{9A19103F-16F7-4668-BE54-9A1E7A4F7556}") = "GMRTSClasses", "GMRTSClasses\GMRTSClasses.csproj", "{B2DBD442-7528-472C-8E01-413BD70A9010}"
EndProject
Global
	GlobalSection(SolutionConfigurationPlatforms) = preSolution
		Debug|Any CPU = Debug|Any CPU
		Release|Any CPU = Release|Any CPU
	EndGlobalSection
	GlobalSection(ProjectConfigurationPlatforms) = postSolution
		{B2DBD442-7528-472C-8E01-413BD70A9010}.Debug|Any CPU.ActiveCfg = Debug|Any CPU
		{B2DBD442-7528-472C-8E01-413BD70A9010}.Debug|Any CPU.Build.0 = Debug|Any CPU
		{B2DBD442-7528-472C-8E01-413BD70A9010}.Release|Any CPU.ActiveCfg = Release|Any CPU
		{B2DBD442-7528-472C-8E01-413BD70A9010}.Release|Any CPU.Build.0 = Release|Any CPU
	EndGlobalSection
	GlobalSection(SolutionProperties) = preSolution
		HideSolutionNode = FALSE
	EndGlobalSection
	GlobalSection(ExtensibilityGlobals) = postSolution
		SolutionGuid = {95E63265-0578-4B0F-BF6E-092608240A64}
	EndGlobalSection
EndGlobal
